// !$*UTF8*$!
{
	archiveVersion = 1;
	classes = {
	};
	objectVersion = 50;
	objects = {

/* Begin PBXBuildFile section */
		A94CC526261F71A5008C1085 /* LocationManager.swift in Sources */ = {isa = PBXBuildFile; fileRef = A94CC524261F71A5008C1085 /* LocationManager.swift */; };
		A94CC527261F71A5008C1085 /* LocationService.swift in Sources */ = {isa = PBXBuildFile; fileRef = A94CC525261F71A5008C1085 /* LocationService.swift */; };
		A94E7315261F69DC00266B9C /* AppDelegate.swift in Sources */ = {isa = PBXBuildFile; fileRef = A94E7314261F69DC00266B9C /* AppDelegate.swift */; };
		A94E7317261F69DC00266B9C /* SceneDelegate.swift in Sources */ = {isa = PBXBuildFile; fileRef = A94E7316261F69DC00266B9C /* SceneDelegate.swift */; };
		A94E7319261F69DC00266B9C /* ContentView.swift in Sources */ = {isa = PBXBuildFile; fileRef = A94E7318261F69DC00266B9C /* ContentView.swift */; };
		A94E731B261F69DC00266B9C /* Assets.xcassets in Resources */ = {isa = PBXBuildFile; fileRef = A94E731A261F69DC00266B9C /* Assets.xcassets */; };
		A94E731E261F69DC00266B9C /* Preview Assets.xcassets in Resources */ = {isa = PBXBuildFile; fileRef = A94E731D261F69DC00266B9C /* Preview Assets.xcassets */; };
		A94E7321261F69DC00266B9C /* LaunchScreen.storyboard in Resources */ = {isa = PBXBuildFile; fileRef = A94E731F261F69DC00266B9C /* LaunchScreen.storyboard */; };
		A94E732A261F6A2200266B9C /* Users.swift in Sources */ = {isa = PBXBuildFile; fileRef = A94E7329261F6A2200266B9C /* Users.swift */; };
		A94E732D261F6E0700266B9C /* userRow.swift in Sources */ = {isa = PBXBuildFile; fileRef = A94E732C261F6E0700266B9C /* userRow.swift */; };
/* End PBXBuildFile section */

/* Begin PBXFileReference section */
		A94CC524261F71A5008C1085 /* LocationManager.swift */ = {isa = PBXFileReference; fileEncoding = 4; lastKnownFileType = sourcecode.swift; path = LocationManager.swift; sourceTree = "<group>"; };
		A94CC525261F71A5008C1085 /* LocationService.swift */ = {isa = PBXFileReference; fileEncoding = 4; lastKnownFileType = sourcecode.swift; path = LocationService.swift; sourceTree = "<group>"; };
		A94E7311261F69DC00266B9C /* Twitter User Locations.app */ = {isa = PBXFileReference; explicitFileType = wrapper.application; includeInIndex = 0; path = "Twitter User Locations.app"; sourceTree = BUILT_PRODUCTS_DIR; };
		A94E7314261F69DC00266B9C /* AppDelegate.swift */ = {isa = PBXFileReference; lastKnownFileType = sourcecode.swift; path = AppDelegate.swift; sourceTree = "<group>"; };
		A94E7316261F69DC00266B9C /* SceneDelegate.swift */ = {isa = PBXFileReference; lastKnownFileType = sourcecode.swift; path = SceneDelegate.swift; sourceTree = "<group>"; };
		A94E7318261F69DC00266B9C /* ContentView.swift */ = {isa = PBXFileReference; lastKnownFileType = sourcecode.swift; path = ContentView.swift; sourceTree = "<group>"; };
		A94E731A261F69DC00266B9C /* Assets.xcassets */ = {isa = PBXFileReference; lastKnownFileType = folder.assetcatalog; path = Assets.xcassets; sourceTree = "<group>"; };
		A94E731D261F69DC00266B9C /* Preview Assets.xcassets */ = {isa = PBXFileReference; lastKnownFileType = folder.assetcatalog; path = "Preview Assets.xcassets"; sourceTree = "<group>"; };
		A94E7320261F69DC00266B9C /* Base */ = {isa = PBXFileReference; lastKnownFileType = file.storyboard; name = Base; path = Base.lproj/LaunchScreen.storyboard; sourceTree = "<group>"; };
		A94E7322261F69DC00266B9C /* Info.plist */ = {isa = PBXFileReference; lastKnownFileType = text.plist.xml; path = Info.plist; sourceTree = "<group>"; };
		A94E7329261F6A2200266B9C /* Users.swift */ = {isa = PBXFileReference; lastKnownFileType = sourcecode.swift; path = Users.swift; sourceTree = "<group>"; };
		A94E732C261F6E0700266B9C /* userRow.swift */ = {isa = PBXFileReference; lastKnownFileType = sourcecode.swift; path = userRow.swift; sourceTree = "<group>"; };
/* End PBXFileReference section */

/* Begin PBXFrameworksBuildPhase section */
		A94E730E261F69DC00266B9C /* Frameworks */ = {
			isa = PBXFrameworksBuildPhase;
			buildActionMask = 2147483647;
			files = (
			);
			runOnlyForDeploymentPostprocessing = 0;
		};
/* End PBXFrameworksBuildPhase section */

/* Begin PBXGroup section */
		A94CC523261F71A5008C1085 /* Location Utilities */ = {
			isa = PBXGroup;
			children = (
				A94CC524261F71A5008C1085 /* LocationManager.swift */,
				A94CC525261F71A5008C1085 /* LocationService.swift */,
			);
			path = "Location Utilities";
			sourceTree = "<group>";
		};
		A94E7308261F69DC00266B9C = {
			isa = PBXGroup;
			children = (
				A94E7313261F69DC00266B9C /* Twitter User Locations */,
				A94E7312261F69DC00266B9C /* Products */,
			);
			sourceTree = "<group>";
		};
		A94E7312261F69DC00266B9C /* Products */ = {
			isa = PBXGroup;
			children = (
				A94E7311261F69DC00266B9C /* Twitter User Locations.app */,
			);
			name = Products;
			sourceTree = "<group>";
		};
		A94E7313261F69DC00266B9C /* Twitter User Locations */ = {
			isa = PBXGroup;
			children = (
				A9B1F626261FB79D00915A27 /* Model */,
				A94CC523261F71A5008C1085 /* Location Utilities */,
				A94E7314261F69DC00266B9C /* AppDelegate.swift */,
				A94E7316261F69DC00266B9C /* SceneDelegate.swift */,
				A9B1F628261FB7CD00915A27 /* Views */,
				A94E731A261F69DC00266B9C /* Assets.xcassets */,
				A94E731F261F69DC00266B9C /* LaunchScreen.storyboard */,
				A94E7322261F69DC00266B9C /* Info.plist */,
				A94E731C261F69DC00266B9C /* Preview Content */,
			);
			path = "Twitter User Locations";
			sourceTree = "<group>";
		};
		A94E731C261F69DC00266B9C /* Preview Content */ = {
			isa = PBXGroup;
			children = (
				A94E731D261F69DC00266B9C /* Preview Assets.xcassets */,
			);
			path = "Preview Content";
			sourceTree = "<group>";
		};
		A9B1F626261FB79D00915A27 /* Model */ = {
			isa = PBXGroup;
			children = (
				A94E7329261F6A2200266B9C /* Users.swift */,
			);
			path = Model;
			sourceTree = "<group>";
		};
		A9B1F628261FB7CD00915A27 /* Views */ = {
			isa = PBXGroup;
			children = (
				A94E7318261F69DC00266B9C /* ContentView.swift */,
				A94E732C261F6E0700266B9C /* userRow.swift */,
			);
			path = Views;
			sourceTree = "<group>";
		};
/* End PBXGroup section */

/* Begin PBXNativeTarget section */
		A94E7310261F69DC00266B9C /* Twitter User Locations */ = {
			isa = PBXNativeTarget;
			buildConfigurationList = A94E7325261F69DC00266B9C /* Build configuration list for PBXNativeTarget "Twitter User Locations" */;
			buildPhases = (
				A94E730D261F69DC00266B9C /* Sources */,
				A94E730E261F69DC00266B9C /* Frameworks */,
				A94E730F261F69DC00266B9C /* Resources */,
			);
			buildRules = (
			);
			dependencies = (
			);
			name = "Twitter User Locations";
			productName = "Twitter User Locations";
			productReference = A94E7311261F69DC00266B9C /* Twitter User Locations.app */;
			productType = "com.apple.product-type.application";
		};
/* End PBXNativeTarget section */

/* Begin PBXProject section */
		A94E7309261F69DC00266B9C /* Project object */ = {
			isa = PBXProject;
			attributes = {
				LastSwiftUpdateCheck = 1240;
				LastUpgradeCheck = 1240;
				TargetAttributes = {
					A94E7310261F69DC00266B9C = {
						CreatedOnToolsVersion = 12.4;
					};
				};
			};
			buildConfigurationList = A94E730C261F69DC00266B9C /* Build configuration list for PBXProject "Twitter User Locations" */;
			compatibilityVersion = "Xcode 9.3";
			developmentRegion = en;
			hasScannedForEncodings = 0;
			knownRegions = (
				en,
				Base,
			);
			mainGroup = A94E7308261F69DC00266B9C;
			productRefGroup = A94E7312261F69DC00266B9C /* Products */;
			projectDirPath = "";
			projectRoot = "";
			targets = (
				A94E7310261F69DC00266B9C /* Twitter User Locations */,
			);
		};
/* End PBXProject section */

/* Begin PBXResourcesBuildPhase section */
		A94E730F261F69DC00266B9C /* Resources */ = {
			isa = PBXResourcesBuildPhase;
			buildActionMask = 2147483647;
			files = (
				A94E7321261F69DC00266B9C /* LaunchScreen.storyboard in Resources */,
				A94E731E261F69DC00266B9C /* Preview Assets.xcassets in Resources */,
				A94E731B261F69DC00266B9C /* Assets.xcassets in Resources */,
			);
			runOnlyForDeploymentPostprocessing = 0;
		};
/* End PBXResourcesBuildPhase section */

/* Begin PBXSourcesBuildPhase section */
		A94E730D261F69DC00266B9C /* Sources */ = {
			isa = PBXSourcesBuildPhase;
			buildActionMask = 2147483647;
			files = (
				A94CC527261F71A5008C1085 /* LocationService.swift in Sources */,
				A94E732D261F6E0700266B9C /* userRow.swift in Sources */,
				A94E732A261F6A2200266B9C /* Users.swift in Sources */,
				A94CC526261F71A5008C1085 /* LocationManager.swift in Sources */,
				A94E7315261F69DC00266B9C /* AppDelegate.swift in Sources */,
				A94E7317261F69DC00266B9C /* SceneDelegate.swift in Sources */,
				A94E7319261F69DC00266B9C /* ContentView.swift in Sources */,
			);
			runOnlyForDeploymentPostprocessing = 0;
		};
/* End PBXSourcesBuildPhase section */

/* Begin PBXVariantGroup section */
		A94E731F261F69DC00266B9C /* LaunchScreen.storyboard */ = {
			isa = PBXVariantGroup;
			children = (
				A94E7320261F69DC00266B9C /* Base */,
			);
			name = LaunchScreen.storyboard;
			sourceTree = "<group>";
		};
/* End PBXVariantGroup section */

/* Begin XCBuildConfiguration section */
		A94E7323261F69DC00266B9C /* Debug */ = {
			isa = XCBuildConfiguration;
			buildSettings = {
				ALWAYS_SEARCH_USER_PATHS = NO;
				CLANG_ANALYZER_NONNULL = YES;
				CLANG_ANALYZER_NUMBER_OBJECT_CONVERSION = YES_AGGRESSIVE;
				CLANG_CXX_LANGUAGE_STANDARD = "gnu++14";
				CLANG_CXX_LIBRARY = "libc++";
				CLANG_ENABLE_MODULES = YES;
				CLANG_ENABLE_OBJC_ARC = YES;
				CLANG_ENABLE_OBJC_WEAK = YES;
				CLANG_WARN_BLOCK_CAPTURE_AUTORELEASING = YES;
				CLANG_WARN_BOOL_CONVERSION = YES;
				CLANG_WARN_COMMA = YES;
				CLANG_WARN_CONSTANT_CONVERSION = YES;
				CLANG_WARN_DEPRECATED_OBJC_IMPLEMENTATIONS = YES;
				CLANG_WARN_DIRECT_OBJC_ISA_USAGE = YES_ERROR;
				CLANG_WARN_DOCUMENTATION_COMMENTS = YES;
				CLANG_WARN_EMPTY_BODY = YES;
				CLANG_WARN_ENUM_CONVERSION = YES;
				CLANG_WARN_INFINITE_RECURSION = YES;
				CLANG_WARN_INT_CONVERSION = YES;
				CLANG_WARN_NON_LITERAL_NULL_CONVERSION = YES;
				CLANG_WARN_OBJC_IMPLICIT_RETAIN_SELF = YES;
				CLANG_WARN_OBJC_LITERAL_CONVERSION = YES;
				CLANG_WARN_OBJC_ROOT_CLASS = YES_ERROR;
				CLANG_WARN_QUOTED_INCLUDE_IN_FRAMEWORK_HEADER = YES;
				CLANG_WARN_RANGE_LOOP_ANALYSIS = YES;
				CLANG_WARN_STRICT_PROTOTYPES = YES;
				CLANG_WARN_SUSPICIOUS_MOVE = YES;
				CLANG_WARN_UNGUARDED_AVAILABILITY = YES_AGGRESSIVE;
				CLANG_WARN_UNREACHABLE_CODE = YES;
				CLANG_WARN__DUPLICATE_METHOD_MATCH = YES;
				COPY_PHASE_STRIP = NO;
				DEBUG_INFORMATION_FORMAT = dwarf;
				ENABLE_STRICT_OBJC_MSGSEND = YES;
				ENABLE_TESTABILITY = YES;
				GCC_C_LANGUAGE_STANDARD = gnu11;
				GCC_DYNAMIC_NO_PIC = NO;
				GCC_NO_COMMON_BLOCKS = YES;
				GCC_OPTIMIZATION_LEVEL = 0;
				GCC_PREPROCESSOR_DEFINITIONS = (
					"DEBUG=1",
					"$(inherited)",
				);
				GCC_WARN_64_TO_32_BIT_CONVERSION = YES;
				GCC_WARN_ABOUT_RETURN_TYPE = YES_ERROR;
				GCC_WARN_UNDECLARED_SELECTOR = YES;
				GCC_WARN_UNINITIALIZED_AUTOS = YES_AGGRESSIVE;
				GCC_WARN_UNUSED_FUNCTION = YES;
				GCC_WARN_UNUSED_VARIABLE = YES;
				IPHONEOS_DEPLOYMENT_TARGET = 14.4;
				MTL_ENABLE_DEBUG_INFO = INCLUDE_SOURCE;
				MTL_FAST_MATH = YES;
				ONLY_ACTIVE_ARCH = YES;
				SDKROOT = iphoneos;
				SWIFT_ACTIVE_COMPILATION_CONDITIONS = DEBUG;
				SWIFT_OPTIMIZATION_LEVEL = "-Onone";
			};
			name = Debug;
		};
		A94E7324261F69DC00266B9C /* Release */ = {
			isa = XCBuildConfiguration;
			buildSettings = {
				ALWAYS_SEARCH_USER_PATHS = NO;
				CLANG_ANALYZER_NONNULL = YES;
				CLANG_ANALYZER_NUMBER_OBJECT_CONVERSION = YES_AGGRESSIVE;
				CLANG_CXX_LANGUAGE_STANDARD = "gnu++14";
				CLANG_CXX_LIBRARY = "libc++";
				CLANG_ENABLE_MODULES = YES;
				CLANG_ENABLE_OBJC_ARC = YES;
				CLANG_ENABLE_OBJC_WEAK = YES;
				CLANG_WARN_BLOCK_CAPTURE_AUTORELEASING = YES;
				CLANG_WARN_BOOL_CONVERSION = YES;
				CLANG_WARN_COMMA = YES;
				CLANG_WARN_CONSTANT_CONVERSION = YES;
				CLANG_WARN_DEPRECATED_OBJC_IMPLEMENTATIONS = YES;
				CLANG_WARN_DIRECT_OBJC_ISA_USAGE = YES_ERROR;
				CLANG_WARN_DOCUMENTATION_COMMENTS = YES;
				CLANG_WARN_EMPTY_BODY = YES;
				CLANG_WARN_ENUM_CONVERSION = YES;
				CLANG_WARN_INFINITE_RECURSION = YES;
				CLANG_WARN_INT_CONVERSION = YES;
				CLANG_WARN_NON_LITERAL_NULL_CONVERSION = YES;
				CLANG_WARN_OBJC_IMPLICIT_RETAIN_SELF = YES;
				CLANG_WARN_OBJC_LITERAL_CONVERSION = YES;
				CLANG_WARN_OBJC_ROOT_CLASS = YES_ERROR;
				CLANG_WARN_QUOTED_INCLUDE_IN_FRAMEWORK_HEADER = YES;
				CLANG_WARN_RANGE_LOOP_ANALYSIS = YES;
				CLANG_WARN_STRICT_PROTOTYPES = YES;
				CLANG_WARN_SUSPICIOUS_MOVE = YES;
				CLANG_WARN_UNGUARDED_AVAILABILITY = YES_AGGRESSIVE;
				CLANG_WARN_UNREACHABLE_CODE = YES;
				CLANG_WARN__DUPLICATE_METHOD_MATCH = YES;
				COPY_PHASE_STRIP = NO;
				DEBUG_INFORMATION_FORMAT = "dwarf-with-dsym";
				ENABLE_NS_ASSERTIONS = NO;
				ENABLE_STRICT_OBJC_MSGSEND = YES;
				GCC_C_LANGUAGE_STANDARD = gnu11;
				GCC_NO_COMMON_BLOCKS = YES;
				GCC_WARN_64_TO_32_BIT_CONVERSION = YES;
				GCC_WARN_ABOUT_RETURN_TYPE = YES_ERROR;
				GCC_WARN_UNDECLARED_SELECTOR = YES;
				GCC_WARN_UNINITIALIZED_AUTOS = YES_AGGRESSIVE;
				GCC_WARN_UNUSED_FUNCTION = YES;
				GCC_WARN_UNUSED_VARIABLE = YES;
				IPHONEOS_DEPLOYMENT_TARGET = 14.4;
				MTL_ENABLE_DEBUG_INFO = NO;
				MTL_FAST_MATH = YES;
				SDKROOT = iphoneos;
				SWIFT_COMPILATION_MODE = wholemodule;
				SWIFT_OPTIMIZATION_LEVEL = "-O";
				VALIDATE_PRODUCT = YES;
			};
			name = Release;
		};
		A94E7326261F69DC00266B9C /* Debug */ = {
			isa = XCBuildConfiguration;
			buildSettings = {
				ASSETCATALOG_COMPILER_APPICON_NAME = AppIcon;
				ASSETCATALOG_COMPILER_GLOBAL_ACCENT_COLOR_NAME = AccentColor;
				CODE_SIGN_STYLE = Automatic;
				DEVELOPMENT_ASSET_PATHS = "\"Twitter User Locations/Preview Content\"";
				DEVELOPMENT_TEAM = VTDU3J4Q4G;
				ENABLE_PREVIEWS = YES;
				INFOPLIST_FILE = "Twitter User Locations/Info.plist";
				LD_RUNPATH_SEARCH_PATHS = (
					"$(inherited)",
					"@executable_path/Frameworks",
				);
				PRODUCT_BUNDLE_IDENTIFIER = "com.themobileentity.Twitter-User-Locations";
				PRODUCT_NAME = "$(TARGET_NAME)";
				SWIFT_VERSION = 5.0;
				TARGETED_DEVICE_FAMILY = "1,2";
			};
			name = Debug;
		};
		A94E7327261F69DC00266B9C /* Release */ = {
			isa = XCBuildConfiguration;
			buildSettings = {
				ASSETCATALOG_COMPILER_APPICON_NAME = AppIcon;
				ASSETCATALOG_COMPILER_GLOBAL_ACCENT_COLOR_NAME = AccentColor;
				CODE_SIGN_STYLE = Automatic;
				DEVELOPMENT_ASSET_PATHS = "\"Twitter User Locations/Preview Content\"";
				DEVELOPMENT_TEAM = VTDU3J4Q4G;
				ENABLE_PREVIEWS = YES;
				INFOPLIST_FILE = "Twitter User Locations/Info.plist";
				LD_RUNPATH_SEARCH_PATHS = (
					"$(inherited)",
					"@executable_path/Frameworks",
				);
				PRODUCT_BUNDLE_IDENTIFIER = "com.themobileentity.Twitter-User-Locations";
				PRODUCT_NAME = "$(TARGET_NAME)";
				SWIFT_VERSION = 5.0;
				TARGETED_DEVICE_FAMILY = "1,2";
			};
			name = Release;
		};
/* End XCBuildConfiguration section */

/* Begin XCConfigurationList section */
		A94E730C261F69DC00266B9C /* Build configuration list for PBXProject "Twitter User Locations" */ = {
			isa = XCConfigurationList;
			buildConfigurations = (
				A94E7323261F69DC00266B9C /* Debug */,
				A94E7324261F69DC00266B9C /* Release */,
			);
			defaultConfigurationIsVisible = 0;
			defaultConfigurationName = Release;
		};
		A94E7325261F69DC00266B9C /* Build configuration list for PBXNativeTarget "Twitter User Locations" */ = {
			isa = XCConfigurationList;
			buildConfigurations = (
				A94E7326261F69DC00266B9C /* Debug */,
				A94E7327261F69DC00266B9C /* Release */,
			);
			defaultConfigurationIsVisible = 0;
			defaultConfigurationName = Release;
		};
/* End XCConfigurationList section */
	};
	rootObject = A94E7309261F69DC00266B9C /* Project object */;
}
